// !$*UTF8*$!
{
	archiveVersion = 1;
	classes = {
	};
	objectVersion = 50;
	objects = {

/* Begin PBXBuildFile section */
		43034B6A21DC153300E03E57 /* AppDelegate.swift in Sources */ = {isa = PBXBuildFile; fileRef = 43034B6921DC153300E03E57 /* AppDelegate.swift */; };
		43034B6C21DC153300E03E57 /* ViewController.swift in Sources */ = {isa = PBXBuildFile; fileRef = 43034B6B21DC153300E03E57 /* ViewController.swift */; };
		43034B6E21DC153400E03E57 /* Assets.xcassets in Resources */ = {isa = PBXBuildFile; fileRef = 43034B6D21DC153400E03E57 /* Assets.xcassets */; };
		43034B7121DC153400E03E57 /* Main.storyboard in Resources */ = {isa = PBXBuildFile; fileRef = 43034B6F21DC153400E03E57 /* Main.storyboard */; };
		437FFFAD21DCF5330082A533 /* StageController.swift in Sources */ = {isa = PBXBuildFile; fileRef = 437FFFAC21DCF5330082A533 /* StageController.swift */; };
		43F2059321DD66390069B5E7 /* Coordinates.swift in Sources */ = {isa = PBXBuildFile; fileRef = 43F2059221DD66390069B5E7 /* Coordinates.swift */; };
/* End PBXBuildFile section */

/* Begin PBXFileReference section */
		43034B6621DC153300E03E57 /* Skewbacca Native.app */ = {isa = PBXFileReference; explicitFileType = wrapper.application; includeInIndex = 0; path = "Skewbacca Native.app"; sourceTree = BUILT_PRODUCTS_DIR; };
		43034B6921DC153300E03E57 /* AppDelegate.swift */ = {isa = PBXFileReference; lastKnownFileType = sourcecode.swift; path = AppDelegate.swift; sourceTree = "<group>"; };
		43034B6B21DC153300E03E57 /* ViewController.swift */ = {isa = PBXFileReference; lastKnownFileType = sourcecode.swift; path = ViewController.swift; sourceTree = "<group>"; };
		43034B6D21DC153400E03E57 /* Assets.xcassets */ = {isa = PBXFileReference; lastKnownFileType = folder.assetcatalog; path = Assets.xcassets; sourceTree = "<group>"; };
		43034B7021DC153400E03E57 /* Base */ = {isa = PBXFileReference; lastKnownFileType = file.storyboard; name = Base; path = Base.lproj/Main.storyboard; sourceTree = "<group>"; };
		43034B7221DC153400E03E57 /* Info.plist */ = {isa = PBXFileReference; lastKnownFileType = text.plist.xml; path = Info.plist; sourceTree = "<group>"; };
		43034B7321DC153400E03E57 /* Skewbacca_Native.entitlements */ = {isa = PBXFileReference; lastKnownFileType = text.plist.entitlements; path = Skewbacca_Native.entitlements; sourceTree = "<group>"; };
		437FFFAC21DCF5330082A533 /* StageController.swift */ = {isa = PBXFileReference; lastKnownFileType = sourcecode.swift; path = StageController.swift; sourceTree = "<group>"; };
		43F2059221DD66390069B5E7 /* Coordinates.swift */ = {isa = PBXFileReference; lastKnownFileType = sourcecode.swift; path = Coordinates.swift; sourceTree = "<group>"; };
/* End PBXFileReference section */

/* Begin PBXFrameworksBuildPhase section */
		43034B6321DC153300E03E57 /* Frameworks */ = {
			isa = PBXFrameworksBuildPhase;
			buildActionMask = 2147483647;
			files = (
			);
			runOnlyForDeploymentPostprocessing = 0;
		};
/* End PBXFrameworksBuildPhase section */

/* Begin PBXGroup section */
		43034B5D21DC153300E03E57 = {
			isa = PBXGroup;
			children = (
				43034B6821DC153300E03E57 /* Skewbacca Native */,
				43034B6721DC153300E03E57 /* Products */,
			);
			sourceTree = "<group>";
		};
		43034B6721DC153300E03E57 /* Products */ = {
			isa = PBXGroup;
			children = (
				43034B6621DC153300E03E57 /* Skewbacca Native.app */,
			);
			name = Products;
			sourceTree = "<group>";
		};
		43034B6821DC153300E03E57 /* Skewbacca Native */ = {
			isa = PBXGroup;
			children = (
				43034B6921DC153300E03E57 /* AppDelegate.swift */,
				43034B6B21DC153300E03E57 /* ViewController.swift */,
				43034B6D21DC153400E03E57 /* Assets.xcassets */,
				43034B6F21DC153400E03E57 /* Main.storyboard */,
				43034B7221DC153400E03E57 /* Info.plist */,
				43034B7321DC153400E03E57 /* Skewbacca_Native.entitlements */,
				437FFFAC21DCF5330082A533 /* StageController.swift */,
				43F2059221DD66390069B5E7 /* Coordinates.swift */,
			);
			path = "Skewbacca Native";
			sourceTree = "<group>";
		};
/* End PBXGroup section */

/* Begin PBXNativeTarget section */
		43034B6521DC153300E03E57 /* Skewbacca Native */ = {
			isa = PBXNativeTarget;
			buildConfigurationList = 43034B7621DC153400E03E57 /* Build configuration list for PBXNativeTarget "Skewbacca Native" */;
			buildPhases = (
				43034B6221DC153300E03E57 /* Sources */,
				43034B6321DC153300E03E57 /* Frameworks */,
				43034B6421DC153300E03E57 /* Resources */,
			);
			buildRules = (
			);
			dependencies = (
			);
			name = "Skewbacca Native";
			productName = "Skewbacca Native";
			productReference = 43034B6621DC153300E03E57 /* Skewbacca Native.app */;
			productType = "com.apple.product-type.application";
		};
/* End PBXNativeTarget section */

/* Begin PBXProject section */
		43034B5E21DC153300E03E57 /* Project object */ = {
			isa = PBXProject;
			attributes = {
				LastSwiftUpdateCheck = 1010;
				LastUpgradeCheck = 1010;
				ORGANIZATIONNAME = niorad;
				TargetAttributes = {
					43034B6521DC153300E03E57 = {
						CreatedOnToolsVersion = 10.1;
					};
				};
			};
			buildConfigurationList = 43034B6121DC153300E03E57 /* Build configuration list for PBXProject "Skewbacca Native" */;
			compatibilityVersion = "Xcode 9.3";
			developmentRegion = en;
			hasScannedForEncodings = 0;
			knownRegions = (
				en,
				Base,
			);
			mainGroup = 43034B5D21DC153300E03E57;
			productRefGroup = 43034B6721DC153300E03E57 /* Products */;
			projectDirPath = "";
			projectRoot = "";
			targets = (
				43034B6521DC153300E03E57 /* Skewbacca Native */,
			);
		};
/* End PBXProject section */

/* Begin PBXResourcesBuildPhase section */
		43034B6421DC153300E03E57 /* Resources */ = {
			isa = PBXResourcesBuildPhase;
			buildActionMask = 2147483647;
			files = (
				43034B6E21DC153400E03E57 /* Assets.xcassets in Resources */,
				43034B7121DC153400E03E57 /* Main.storyboard in Resources */,
			);
			runOnlyForDeploymentPostprocessing = 0;
		};
/* End PBXResourcesBuildPhase section */

/* Begin PBXSourcesBuildPhase section */
		43034B6221DC153300E03E57 /* Sources */ = {
			isa = PBXSourcesBuildPhase;
			buildActionMask = 2147483647;
			files = (
				437FFFAD21DCF5330082A533 /* StageController.swift in Sources */,
				43034B6C21DC153300E03E57 /* ViewController.swift in Sources */,
				43034B6A21DC153300E03E57 /* AppDelegate.swift in Sources */,
				43F2059321DD66390069B5E7 /* Coordinates.swift in Sources */,
			);
			runOnlyForDeploymentPostprocessing = 0;
		};
/* End PBXSourcesBuildPhase section */

/* Begin PBXVariantGroup section */
		43034B6F21DC153400E03E57 /* Main.storyboard */ = {
			isa = PBXVariantGroup;
			children = (
				43034B7021DC153400E03E57 /* Base */,
			);
			name = Main.storyboard;
			sourceTree = "<group>";
		};
/* End PBXVariantGroup section */

/* Begin XCBuildConfiguration section */
		43034B7421DC153400E03E57 /* Debug */ = {
			isa = XCBuildConfiguration;
			buildSettings = {
				ALWAYS_SEARCH_USER_PATHS = NO;
				CLANG_ANALYZER_NONNULL = YES;
				CLANG_ANALYZER_NUMBER_OBJECT_CONVERSION = YES_AGGRESSIVE;
				CLANG_CXX_LANGUAGE_STANDARD = "gnu++14";
				CLANG_CXX_LIBRARY = "libc++";
				CLANG_ENABLE_MODULES = YES;
				CLANG_ENABLE_OBJC_ARC = YES;
				CLANG_ENABLE_OBJC_WEAK = YES;
				CLANG_WARN_BLOCK_CAPTURE_AUTORELEASING = YES;
				CLANG_WARN_BOOL_CONVERSION = YES;
				CLANG_WARN_COMMA = YES;
				CLANG_WARN_CONSTANT_CONVERSION = YES;
				CLANG_WARN_DEPRECATED_OBJC_IMPLEMENTATIONS = YES;
				CLANG_WARN_DIRECT_OBJC_ISA_USAGE = YES_ERROR;
				CLANG_WARN_DOCUMENTATION_COMMENTS = YES;
				CLANG_WARN_EMPTY_BODY = YES;
				CLANG_WARN_ENUM_CONVERSION = YES;
				CLANG_WARN_INFINITE_RECURSION = YES;
				CLANG_WARN_INT_CONVERSION = YES;
				CLANG_WARN_NON_LITERAL_NULL_CONVERSION = YES;
				CLANG_WARN_OBJC_IMPLICIT_RETAIN_SELF = YES;
				CLANG_WARN_OBJC_LITERAL_CONVERSION = YES;
				CLANG_WARN_OBJC_ROOT_CLASS = YES_ERROR;
				CLANG_WARN_RANGE_LOOP_ANALYSIS = YES;
				CLANG_WARN_STRICT_PROTOTYPES = YES;
				CLANG_WARN_SUSPICIOUS_MOVE = YES;
				CLANG_WARN_UNGUARDED_AVAILABILITY = YES_AGGRESSIVE;
				CLANG_WARN_UNREACHABLE_CODE = YES;
				CLANG_WARN__DUPLICATE_METHOD_MATCH = YES;
				CODE_SIGN_IDENTITY = "Mac Developer";
				COPY_PHASE_STRIP = NO;
				DEBUG_INFORMATION_FORMAT = dwarf;
				ENABLE_STRICT_OBJC_MSGSEND = YES;
				ENABLE_TESTABILITY = YES;
				GCC_C_LANGUAGE_STANDARD = gnu11;
				GCC_DYNAMIC_NO_PIC = NO;
				GCC_NO_COMMON_BLOCKS = YES;
				GCC_OPTIMIZATION_LEVEL = 0;
				GCC_PREPROCESSOR_DEFINITIONS = (
					"DEBUG=1",
					"$(inherited)",
				);
				GCC_WARN_64_TO_32_BIT_CONVERSION = YES;
				GCC_WARN_ABOUT_RETURN_TYPE = YES_ERROR;
				GCC_WARN_UNDECLARED_SELECTOR = YES;
				GCC_WARN_UNINITIALIZED_AUTOS = YES_AGGRESSIVE;
				GCC_WARN_UNUSED_FUNCTION = YES;
				GCC_WARN_UNUSED_VARIABLE = YES;
				MACOSX_DEPLOYMENT_TARGET = 10.14;
				MTL_ENABLE_DEBUG_INFO = INCLUDE_SOURCE;
				MTL_FAST_MATH = YES;
				ONLY_ACTIVE_ARCH = YES;
				SDKROOT = macosx;
				SWIFT_ACTIVE_COMPILATION_CONDITIONS = DEBUG;
				SWIFT_OPTIMIZATION_LEVEL = "-Onone";
			};
			name = Debug;
		};
		43034B7521DC153400E03E57 /* Release */ = {
			isa = XCBuildConfiguration;
			buildSettings = {
				ALWAYS_SEARCH_USER_PATHS = NO;
				CLANG_ANALYZER_NONNULL = YES;
				CLANG_ANALYZER_NUMBER_OBJECT_CONVERSION = YES_AGGRESSIVE;
				CLANG_CXX_LANGUAGE_STANDARD = "gnu++14";
				CLANG_CXX_LIBRARY = "libc++";
				CLANG_ENABLE_MODULES = YES;
				CLANG_ENABLE_OBJC_ARC = YES;
				CLANG_ENABLE_OBJC_WEAK = YES;
				CLANG_WARN_BLOCK_CAPTURE_AUTORELEASING = YES;
				CLANG_WARN_BOOL_CONVERSION = YES;
				CLANG_WARN_COMMA = YES;
				CLANG_WARN_CONSTANT_CONVERSION = YES;
				CLANG_WARN_DEPRECATED_OBJC_IMPLEMENTATIONS = YES;
				CLANG_WARN_DIRECT_OBJC_ISA_USAGE = YES_ERROR;
				CLANG_WARN_DOCUMENTATION_COMMENTS = YES;
				CLANG_WARN_EMPTY_BODY = YES;
				CLANG_WARN_ENUM_CONVERSION = YES;
				CLANG_WARN_INFINITE_RECURSION = YES;
				CLANG_WARN_INT_CONVERSION = YES;
				CLANG_WARN_NON_LITERAL_NULL_CONVERSION = YES;
				CLANG_WARN_OBJC_IMPLICIT_RETAIN_SELF = YES;
				CLANG_WARN_OBJC_LITERAL_CONVERSION = YES;
				CLANG_WARN_OBJC_ROOT_CLASS = YES_ERROR;
				CLANG_WARN_RANGE_LOOP_ANALYSIS = YES;
				CLANG_WARN_STRICT_PROTOTYPES = YES;
				CLANG_WARN_SUSPICIOUS_MOVE = YES;
				CLANG_WARN_UNGUARDED_AVAILABILITY = YES_AGGRESSIVE;
				CLANG_WARN_UNREACHABLE_CODE = YES;
				CLANG_WARN__DUPLICATE_METHOD_MATCH = YES;
				CODE_SIGN_IDENTITY = "Mac Developer";
				COPY_PHASE_STRIP = NO;
				DEBUG_INFORMATION_FORMAT = "dwarf-with-dsym";
				ENABLE_NS_ASSERTIONS = NO;
				ENABLE_STRICT_OBJC_MSGSEND = YES;
				GCC_C_LANGUAGE_STANDARD = gnu11;
				GCC_NO_COMMON_BLOCKS = YES;
				GCC_WARN_64_TO_32_BIT_CONVERSION = YES;
				GCC_WARN_ABOUT_RETURN_TYPE = YES_ERROR;
				GCC_WARN_UNDECLARED_SELECTOR = YES;
				GCC_WARN_UNINITIALIZED_AUTOS = YES_AGGRESSIVE;
				GCC_WARN_UNUSED_FUNCTION = YES;
				GCC_WARN_UNUSED_VARIABLE = YES;
				MACOSX_DEPLOYMENT_TARGET = 10.14;
				MTL_ENABLE_DEBUG_INFO = NO;
				MTL_FAST_MATH = YES;
				SDKROOT = macosx;
				SWIFT_COMPILATION_MODE = wholemodule;
				SWIFT_OPTIMIZATION_LEVEL = "-O";
			};
			name = Release;
		};
		43034B7721DC153400E03E57 /* Debug */ = {
			isa = XCBuildConfiguration;
			buildSettings = {
				ASSETCATALOG_COMPILER_APPICON_NAME = AppIcon;
				CODE_SIGN_ENTITLEMENTS = "Skewbacca Native/Skewbacca_Native.entitlements";
				CODE_SIGN_STYLE = Automatic;
				COMBINE_HIDPI_IMAGES = YES;
				DEVELOPMENT_TEAM = TKY73Q72NH;
				INFOPLIST_FILE = "Skewbacca Native/Info.plist";
				LD_RUNPATH_SEARCH_PATHS = (
					"$(inherited)",
					"@executable_path/../Frameworks",
				);
				PRODUCT_BUNDLE_IDENTIFIER = "niorad.Skewbacca-Native";
				PRODUCT_NAME = "$(TARGET_NAME)";
				SWIFT_VERSION = 4.2;
			};
			name = Debug;
		};
		43034B7821DC153400E03E57 /* Release */ = {
			isa = XCBuildConfiguration;
			buildSettings = {
				ASSETCATALOG_COMPILER_APPICON_NAME = AppIcon;
				CODE_SIGN_ENTITLEMENTS = "Skewbacca Native/Skewbacca_Native.entitlements";
				CODE_SIGN_STYLE = Automatic;
				COMBINE_HIDPI_IMAGES = YES;
				DEVELOPMENT_TEAM = TKY73Q72NH;
				INFOPLIST_FILE = "Skewbacca Native/Info.plist";
				LD_RUNPATH_SEARCH_PATHS = (
					"$(inherited)",
					"@executable_path/../Frameworks",
				);
				PRODUCT_BUNDLE_IDENTIFIER = "niorad.Skewbacca-Native";
				PRODUCT_NAME = "$(TARGET_NAME)";
				SWIFT_VERSION = 4.2;
			};
			name = Release;
		};
/* End XCBuildConfiguration section */

/* Begin XCConfigurationList section */
		43034B6121DC153300E03E57 /* Build configuration list for PBXProject "Skewbacca Native" */ = {
			isa = XCConfigurationList;
			buildConfigurations = (
				43034B7421DC153400E03E57 /* Debug */,
				43034B7521DC153400E03E57 /* Release */,
			);
			defaultConfigurationIsVisible = 0;
			defaultConfigurationName = Release;
		};
		43034B7621DC153400E03E57 /* Build configuration list for PBXNativeTarget "Skewbacca Native" */ = {
			isa = XCConfigurationList;
			buildConfigurations = (
				43034B7721DC153400E03E57 /* Debug */,
				43034B7821DC153400E03E57 /* Release */,
			);
			defaultConfigurationIsVisible = 0;
			defaultConfigurationName = Release;
		};
/* End XCConfigurationList section */
	};
	rootObject = 43034B5E21DC153300E03E57 /* Project object */;
}
